<?xml version="1.0" encoding="utf-8"?>
<Project ToolsVersion="4.0" xmlns="http://schemas.microsoft.com/developer/msbuild/2003">
  <ItemGroup>
    <ClCompile Include="includes\engine\BrickBreakerScene.hpp" />
    <ClCompile Include="includes\engine\InputManager.hpp" />
    <ClCompile Include="includes\logic\Brick.hpp" />
    <ClCompile Include="includes\logic\Bullet.hpp" />
    <ClCompile Include="includes\logic\Cannon.hpp" />
    <ClCompile Include="main.cpp" />
    <ClCompile Include="src\Maths.cpp" />
    <ClCompile Include="src\game objects\Brick.cpp" />
    <ClCompile Include="src\BrickBreackerScene.cpp" />
    <ClCompile Include="src\game objects\Bullet.cpp" />
    <ClCompile Include="src\game objects\Cannon.cpp" />
    <ClCompile Include="src\game objects\GameObject.cpp" />
    <ClCompile Include="src\GameManager.cpp" />
    <ClCompile Include="src\InputManager.cpp" />
    <ClCompile Include="includes\logic\ShockWave.hpp" />
    <ClCompile Include="src\game objects\ShockWave.cpp" />
  </ItemGroup>
  <ItemGroup>
    <ClInclude Include="includes\engine\Scene.hpp" />
    <ClInclude Include="includes\logic\GameManager.hpp" />
    <ClInclude Include="includes\logic\GameObject.hpp" />
    <ClInclude Include="includes\logic\Maths.hpp" />
  </ItemGroup>
</Project>